// !$*UTF8*$!
{
	archiveVersion = 1;
	classes = {
	};
	objectVersion = 50;
	objects = {

/* Begin PBXBuildFile section */
		AEC42F962135C5E2007C8ACE /* AppDelegate.swift in Sources */ = {isa = PBXBuildFile; fileRef = AEC42F952135C5E2007C8ACE /* AppDelegate.swift */; };
		AEC42F982135C5E2007C8ACE /* SignInVC.swift in Sources */ = {isa = PBXBuildFile; fileRef = AEC42F972135C5E2007C8ACE /* SignInVC.swift */; };
		AEC42F9B2135C5E2007C8ACE /* Main.storyboard in Resources */ = {isa = PBXBuildFile; fileRef = AEC42F992135C5E2007C8ACE /* Main.storyboard */; };
		AEC42F9D2135C5E3007C8ACE /* Assets.xcassets in Resources */ = {isa = PBXBuildFile; fileRef = AEC42F9C2135C5E3007C8ACE /* Assets.xcassets */; };
		AEC42FA02135C5E3007C8ACE /* LaunchScreen.storyboard in Resources */ = {isa = PBXBuildFile; fileRef = AEC42F9E2135C5E3007C8ACE /* LaunchScreen.storyboard */; };
		AEC42FAB2135C6A3007C8ACE /* GoogleService-Info.plist in Resources */ = {isa = PBXBuildFile; fileRef = AEC42FAA2135C6A3007C8ACE /* GoogleService-Info.plist */; };
		DB7704FBC04003C46FCE0A34 /* Pods_Devslopes_Social.framework in Frameworks */ = {isa = PBXBuildFile; fileRef = 0208B5B2F38A726F51ED3C82 /* Pods_Devslopes_Social.framework */; };
/* End PBXBuildFile section */

/* Begin PBXFileReference section */
		0208B5B2F38A726F51ED3C82 /* Pods_Devslopes_Social.framework */ = {isa = PBXFileReference; explicitFileType = wrapper.framework; includeInIndex = 0; path = Pods_Devslopes_Social.framework; sourceTree = BUILT_PRODUCTS_DIR; };
		AEC42F922135C5E2007C8ACE /* Devslopes-Social.app */ = {isa = PBXFileReference; explicitFileType = wrapper.application; includeInIndex = 0; path = "Devslopes-Social.app"; sourceTree = BUILT_PRODUCTS_DIR; };
		AEC42F952135C5E2007C8ACE /* AppDelegate.swift */ = {isa = PBXFileReference; lastKnownFileType = sourcecode.swift; path = AppDelegate.swift; sourceTree = "<group>"; };
		AEC42F972135C5E2007C8ACE /* SignInVC.swift */ = {isa = PBXFileReference; lastKnownFileType = sourcecode.swift; path = SignInVC.swift; sourceTree = "<group>"; };
		AEC42F9A2135C5E2007C8ACE /* Base */ = {isa = PBXFileReference; lastKnownFileType = file.storyboard; name = Base; path = Base.lproj/Main.storyboard; sourceTree = "<group>"; };
		AEC42F9C2135C5E3007C8ACE /* Assets.xcassets */ = {isa = PBXFileReference; lastKnownFileType = folder.assetcatalog; path = Assets.xcassets; sourceTree = "<group>"; };
		AEC42F9F2135C5E3007C8ACE /* Base */ = {isa = PBXFileReference; lastKnownFileType = file.storyboard; name = Base; path = Base.lproj/LaunchScreen.storyboard; sourceTree = "<group>"; };
		AEC42FA12135C5E3007C8ACE /* Info.plist */ = {isa = PBXFileReference; lastKnownFileType = text.plist.xml; path = Info.plist; sourceTree = "<group>"; };
		AEC42FAA2135C6A3007C8ACE /* GoogleService-Info.plist */ = {isa = PBXFileReference; fileEncoding = 4; lastKnownFileType = text.plist.xml; path = "GoogleService-Info.plist"; sourceTree = "<group>"; };
		B4DF882E0EA36EED30088C5B /* Pods-Devslopes-Social.debug.xcconfig */ = {isa = PBXFileReference; includeInIndex = 1; lastKnownFileType = text.xcconfig; name = "Pods-Devslopes-Social.debug.xcconfig"; path = "Pods/Target Support Files/Pods-Devslopes-Social/Pods-Devslopes-Social.debug.xcconfig"; sourceTree = "<group>"; };
		F6086E76BB63F591D830A624 /* Pods-Devslopes-Social.release.xcconfig */ = {isa = PBXFileReference; includeInIndex = 1; lastKnownFileType = text.xcconfig; name = "Pods-Devslopes-Social.release.xcconfig"; path = "Pods/Target Support Files/Pods-Devslopes-Social/Pods-Devslopes-Social.release.xcconfig"; sourceTree = "<group>"; };
/* End PBXFileReference section */

/* Begin PBXFrameworksBuildPhase section */
		AEC42F8F2135C5E2007C8ACE /* Frameworks */ = {
			isa = PBXFrameworksBuildPhase;
			buildActionMask = 2147483647;
			files = (
				DB7704FBC04003C46FCE0A34 /* Pods_Devslopes_Social.framework in Frameworks */,
			);
			runOnlyForDeploymentPostprocessing = 0;
		};
/* End PBXFrameworksBuildPhase section */

/* Begin PBXGroup section */
		8A9F5DF51EAC85EF315B3A3A /* Frameworks */ = {
			isa = PBXGroup;
			children = (
				0208B5B2F38A726F51ED3C82 /* Pods_Devslopes_Social.framework */,
			);
			name = Frameworks;
			sourceTree = "<group>";
		};
		9FF3A0F64C85FAAE8BF8B31A /* Pods */ = {
			isa = PBXGroup;
			children = (
				B4DF882E0EA36EED30088C5B /* Pods-Devslopes-Social.debug.xcconfig */,
				F6086E76BB63F591D830A624 /* Pods-Devslopes-Social.release.xcconfig */,
			);
			name = Pods;
			sourceTree = "<group>";
		};
		AEC42F892135C5E2007C8ACE = {
			isa = PBXGroup;
			children = (
				AEC42F942135C5E2007C8ACE /* Devslopes-Social */,
				AEC42F932135C5E2007C8ACE /* Products */,
				9FF3A0F64C85FAAE8BF8B31A /* Pods */,
				8A9F5DF51EAC85EF315B3A3A /* Frameworks */,
			);
			sourceTree = "<group>";
		};
		AEC42F932135C5E2007C8ACE /* Products */ = {
			isa = PBXGroup;
			children = (
				AEC42F922135C5E2007C8ACE /* Devslopes-Social.app */,
			);
			name = Products;
			sourceTree = "<group>";
		};
		AEC42F942135C5E2007C8ACE /* Devslopes-Social */ = {
			isa = PBXGroup;
			children = (
				AEC42FA92135C646007C8ACE /* Model */,
				AEC42FA82135C640007C8ACE /* View */,
				AEC42FA72135C631007C8ACE /* Controller */,
				AEC42F952135C5E2007C8ACE /* AppDelegate.swift */,
				AEC42F9C2135C5E3007C8ACE /* Assets.xcassets */,
				AEC42F992135C5E2007C8ACE /* Main.storyboard */,
				AEC42F9E2135C5E3007C8ACE /* LaunchScreen.storyboard */,
				AEC42FA12135C5E3007C8ACE /* Info.plist */,
				AEC42FAA2135C6A3007C8ACE /* GoogleService-Info.plist */,
			);
			path = "Devslopes-Social";
			sourceTree = "<group>";
		};
		AEC42FA72135C631007C8ACE /* Controller */ = {
			isa = PBXGroup;
			children = (
				AEC42F972135C5E2007C8ACE /* SignInVC.swift */,
			);
			path = Controller;
			sourceTree = "<group>";
		};
		AEC42FA82135C640007C8ACE /* View */ = {
			isa = PBXGroup;
			children = (
			);
			path = View;
			sourceTree = "<group>";
		};
		AEC42FA92135C646007C8ACE /* Model */ = {
			isa = PBXGroup;
			children = (
			);
			path = Model;
			sourceTree = "<group>";
		};
/* End PBXGroup section */

/* Begin PBXNativeTarget section */
		AEC42F912135C5E2007C8ACE /* Devslopes-Social */ = {
			isa = PBXNativeTarget;
			buildConfigurationList = AEC42FA42135C5E3007C8ACE /* Build configuration list for PBXNativeTarget "Devslopes-Social" */;
			buildPhases = (
				C19F6A4DBC1973C7B0C7FD67 /* [CP] Check Pods Manifest.lock */,
				AEC42F8E2135C5E2007C8ACE /* Sources */,
				AEC42F8F2135C5E2007C8ACE /* Frameworks */,
				AEC42F902135C5E2007C8ACE /* Resources */,
				FF6B61EB669427F05BB51140 /* [CP] Embed Pods Frameworks */,
				E3DB96FE83A12D591017DA5C /* [CP] Copy Pods Resources */,
			);
			buildRules = (
			);
			dependencies = (
			);
			name = "Devslopes-Social";
			productName = "Devslopes-Social";
			productReference = AEC42F922135C5E2007C8ACE /* Devslopes-Social.app */;
			productType = "com.apple.product-type.application";
		};
/* End PBXNativeTarget section */

/* Begin PBXProject section */
		AEC42F8A2135C5E2007C8ACE /* Project object */ = {
			isa = PBXProject;
			attributes = {
				LastSwiftUpdateCheck = 0940;
				LastUpgradeCheck = 0940;
				ORGANIZATIONNAME = "Araz Sinjary";
				TargetAttributes = {
					AEC42F912135C5E2007C8ACE = {
						CreatedOnToolsVersion = 9.4.1;
					};
				};
			};
			buildConfigurationList = AEC42F8D2135C5E2007C8ACE /* Build configuration list for PBXProject "Devslopes-Social" */;
			compatibilityVersion = "Xcode 9.3";
			developmentRegion = en;
			hasScannedForEncodings = 0;
			knownRegions = (
				en,
				Base,
			);
			mainGroup = AEC42F892135C5E2007C8ACE;
			productRefGroup = AEC42F932135C5E2007C8ACE /* Products */;
			projectDirPath = "";
			projectRoot = "";
			targets = (
				AEC42F912135C5E2007C8ACE /* Devslopes-Social */,
			);
		};
/* End PBXProject section */

/* Begin PBXResourcesBuildPhase section */
		AEC42F902135C5E2007C8ACE /* Resources */ = {
			isa = PBXResourcesBuildPhase;
			buildActionMask = 2147483647;
			files = (
				AEC42FA02135C5E3007C8ACE /* LaunchScreen.storyboard in Resources */,
				AEC42F9D2135C5E3007C8ACE /* Assets.xcassets in Resources */,
				AEC42FAB2135C6A3007C8ACE /* GoogleService-Info.plist in Resources */,
				AEC42F9B2135C5E2007C8ACE /* Main.storyboard in Resources */,
			);
			runOnlyForDeploymentPostprocessing = 0;
		};
/* End PBXResourcesBuildPhase section */

/* Begin PBXShellScriptBuildPhase section */
		C19F6A4DBC1973C7B0C7FD67 /* [CP] Check Pods Manifest.lock */ = {
			isa = PBXShellScriptBuildPhase;
			buildActionMask = 2147483647;
			files = (
			);
			inputPaths = (
				"${PODS_PODFILE_DIR_PATH}/Podfile.lock",
				"${PODS_ROOT}/Manifest.lock",
			);
			name = "[CP] Check Pods Manifest.lock";
			outputPaths = (
				"$(DERIVED_FILE_DIR)/Pods-Devslopes-Social-checkManifestLockResult.txt",
			);
			runOnlyForDeploymentPostprocessing = 0;
			shellPath = /bin/sh;
			shellScript = "diff \"${PODS_PODFILE_DIR_PATH}/Podfile.lock\" \"${PODS_ROOT}/Manifest.lock\" > /dev/null\nif [ $? != 0 ] ; then\n    # print error to STDERR\n    echo \"error: The sandbox is not in sync with the Podfile.lock. Run 'pod install' or update your CocoaPods installation.\" >&2\n    exit 1\nfi\n# This output is used by Xcode 'outputs' to avoid re-running this script phase.\necho \"SUCCESS\" > \"${SCRIPT_OUTPUT_FILE_0}\"\n";
			showEnvVarsInLog = 0;
		};
		E3DB96FE83A12D591017DA5C /* [CP] Copy Pods Resources */ = {
			isa = PBXShellScriptBuildPhase;
			buildActionMask = 2147483647;
			files = (
			);
			inputPaths = (
			);
			name = "[CP] Copy Pods Resources";
			outputPaths = (
			);
			runOnlyForDeploymentPostprocessing = 0;
			shellPath = /bin/sh;
			shellScript = "\"${SRCROOT}/Pods/Target Support Files/Pods-Devslopes-Social/Pods-Devslopes-Social-resources.sh\"\n";
			showEnvVarsInLog = 0;
		};
		FF6B61EB669427F05BB51140 /* [CP] Embed Pods Frameworks */ = {
			isa = PBXShellScriptBuildPhase;
			buildActionMask = 2147483647;
			files = (
			);
			inputPaths = (
				"${SRCROOT}/Pods/Target Support Files/Pods-Devslopes-Social/Pods-Devslopes-Social-frameworks.sh",
				"${BUILT_PRODUCTS_DIR}/GTMSessionFetcher/GTMSessionFetcher.framework",
				"${BUILT_PRODUCTS_DIR}/GoogleToolboxForMac/GoogleToolboxForMac.framework",
				"${BUILT_PRODUCTS_DIR}/leveldb-library/leveldb.framework",
				"${BUILT_PRODUCTS_DIR}/nanopb/nanopb.framework",
			);
			name = "[CP] Embed Pods Frameworks";
			outputPaths = (
				"${TARGET_BUILD_DIR}/${FRAMEWORKS_FOLDER_PATH}/GTMSessionFetcher.framework",
				"${TARGET_BUILD_DIR}/${FRAMEWORKS_FOLDER_PATH}/GoogleToolboxForMac.framework",
				"${TARGET_BUILD_DIR}/${FRAMEWORKS_FOLDER_PATH}/leveldb.framework",
				"${TARGET_BUILD_DIR}/${FRAMEWORKS_FOLDER_PATH}/nanopb.framework",
			);
			runOnlyForDeploymentPostprocessing = 0;
			shellPath = /bin/sh;
			shellScript = "\"${SRCROOT}/Pods/Target Support Files/Pods-Devslopes-Social/Pods-Devslopes-Social-frameworks.sh\"\n";
			showEnvVarsInLog = 0;
		};
/* End PBXShellScriptBuildPhase section */

/* Begin PBXSourcesBuildPhase section */
		AEC42F8E2135C5E2007C8ACE /* Sources */ = {
			isa = PBXSourcesBuildPhase;
			buildActionMask = 2147483647;
			files = (
				AEC42F982135C5E2007C8ACE /* SignInVC.swift in Sources */,
				AEC42F962135C5E2007C8ACE /* AppDelegate.swift in Sources */,
			);
			runOnlyForDeploymentPostprocessing = 0;
		};
/* End PBXSourcesBuildPhase section */

/* Begin PBXVariantGroup section */
		AEC42F992135C5E2007C8ACE /* Main.storyboard */ = {
			isa = PBXVariantGroup;
			children = (
				AEC42F9A2135C5E2007C8ACE /* Base */,
			);
			name = Main.storyboard;
			sourceTree = "<group>";
		};
		AEC42F9E2135C5E3007C8ACE /* LaunchScreen.storyboard */ = {
			isa = PBXVariantGroup;
			children = (
				AEC42F9F2135C5E3007C8ACE /* Base */,
			);
			name = LaunchScreen.storyboard;
			sourceTree = "<group>";
		};
/* End PBXVariantGroup section */

/* Begin XCBuildConfiguration section */
		AEC42FA22135C5E3007C8ACE /* Debug */ = {
			isa = XCBuildConfiguration;
			buildSettings = {
				ALWAYS_SEARCH_USER_PATHS = NO;
				CLANG_ANALYZER_NONNULL = YES;
				CLANG_ANALYZER_NUMBER_OBJECT_CONVERSION = YES_AGGRESSIVE;
				CLANG_CXX_LANGUAGE_STANDARD = "gnu++14";
				CLANG_CXX_LIBRARY = "libc++";
				CLANG_ENABLE_MODULES = YES;
				CLANG_ENABLE_OBJC_ARC = YES;
				CLANG_ENABLE_OBJC_WEAK = YES;
				CLANG_WARN_BLOCK_CAPTURE_AUTORELEASING = YES;
				CLANG_WARN_BOOL_CONVERSION = YES;
				CLANG_WARN_COMMA = YES;
				CLANG_WARN_CONSTANT_CONVERSION = YES;
				CLANG_WARN_DEPRECATED_OBJC_IMPLEMENTATIONS = YES;
				CLANG_WARN_DIRECT_OBJC_ISA_USAGE = YES_ERROR;
				CLANG_WARN_DOCUMENTATION_COMMENTS = YES;
				CLANG_WARN_EMPTY_BODY = YES;
				CLANG_WARN_ENUM_CONVERSION = YES;
				CLANG_WARN_INFINITE_RECURSION = YES;
				CLANG_WARN_INT_CONVERSION = YES;
				CLANG_WARN_NON_LITERAL_NULL_CONVERSION = YES;
				CLANG_WARN_OBJC_IMPLICIT_RETAIN_SELF = YES;
				CLANG_WARN_OBJC_LITERAL_CONVERSION = YES;
				CLANG_WARN_OBJC_ROOT_CLASS = YES_ERROR;
				CLANG_WARN_RANGE_LOOP_ANALYSIS = YES;
				CLANG_WARN_STRICT_PROTOTYPES = YES;
				CLANG_WARN_SUSPICIOUS_MOVE = YES;
				CLANG_WARN_UNGUARDED_AVAILABILITY = YES_AGGRESSIVE;
				CLANG_WARN_UNREACHABLE_CODE = YES;
				CLANG_WARN__DUPLICATE_METHOD_MATCH = YES;
				CODE_SIGN_IDENTITY = "iPhone Developer";
				COPY_PHASE_STRIP = NO;
				DEBUG_INFORMATION_FORMAT = dwarf;
				ENABLE_STRICT_OBJC_MSGSEND = YES;
				ENABLE_TESTABILITY = YES;
				GCC_C_LANGUAGE_STANDARD = gnu11;
				GCC_DYNAMIC_NO_PIC = NO;
				GCC_NO_COMMON_BLOCKS = YES;
				GCC_OPTIMIZATION_LEVEL = 0;
				GCC_PREPROCESSOR_DEFINITIONS = (
					"DEBUG=1",
					"$(inherited)",
				);
				GCC_WARN_64_TO_32_BIT_CONVERSION = YES;
				GCC_WARN_ABOUT_RETURN_TYPE = YES_ERROR;
				GCC_WARN_UNDECLARED_SELECTOR = YES;
				GCC_WARN_UNINITIALIZED_AUTOS = YES_AGGRESSIVE;
				GCC_WARN_UNUSED_FUNCTION = YES;
				GCC_WARN_UNUSED_VARIABLE = YES;
				IPHONEOS_DEPLOYMENT_TARGET = 11.4;
				MTL_ENABLE_DEBUG_INFO = YES;
				ONLY_ACTIVE_ARCH = YES;
				SDKROOT = iphoneos;
				SWIFT_ACTIVE_COMPILATION_CONDITIONS = DEBUG;
				SWIFT_OPTIMIZATION_LEVEL = "-Onone";
			};
			name = Debug;
		};
		AEC42FA32135C5E3007C8ACE /* Release */ = {
			isa = XCBuildConfiguration;
			buildSettings = {
				ALWAYS_SEARCH_USER_PATHS = NO;
				CLANG_ANALYZER_NONNULL = YES;
				CLANG_ANALYZER_NUMBER_OBJECT_CONVERSION = YES_AGGRESSIVE;
				CLANG_CXX_LANGUAGE_STANDARD = "gnu++14";
				CLANG_CXX_LIBRARY = "libc++";
				CLANG_ENABLE_MODULES = YES;
				CLANG_ENABLE_OBJC_ARC = YES;
				CLANG_ENABLE_OBJC_WEAK = YES;
				CLANG_WARN_BLOCK_CAPTURE_AUTORELEASING = YES;
				CLANG_WARN_BOOL_CONVERSION = YES;
				CLANG_WARN_COMMA = YES;
				CLANG_WARN_CONSTANT_CONVERSION = YES;
				CLANG_WARN_DEPRECATED_OBJC_IMPLEMENTATIONS = YES;
				CLANG_WARN_DIRECT_OBJC_ISA_USAGE = YES_ERROR;
				CLANG_WARN_DOCUMENTATION_COMMENTS = YES;
				CLANG_WARN_EMPTY_BODY = YES;
				CLANG_WARN_ENUM_CONVERSION = YES;
				CLANG_WARN_INFINITE_RECURSION = YES;
				CLANG_WARN_INT_CONVERSION = YES;
				CLANG_WARN_NON_LITERAL_NULL_CONVERSION = YES;
				CLANG_WARN_OBJC_IMPLICIT_RETAIN_SELF = YES;
				CLANG_WARN_OBJC_LITERAL_CONVERSION = YES;
				CLANG_WARN_OBJC_ROOT_CLASS = YES_ERROR;
				CLANG_WARN_RANGE_LOOP_ANALYSIS = YES;
				CLANG_WARN_STRICT_PROTOTYPES = YES;
				CLANG_WARN_SUSPICIOUS_MOVE = YES;
				CLANG_WARN_UNGUARDED_AVAILABILITY = YES_AGGRESSIVE;
				CLANG_WARN_UNREACHABLE_CODE = YES;
				CLANG_WARN__DUPLICATE_METHOD_MATCH = YES;
				CODE_SIGN_IDENTITY = "iPhone Developer";
				COPY_PHASE_STRIP = NO;
				DEBUG_INFORMATION_FORMAT = "dwarf-with-dsym";
				ENABLE_NS_ASSERTIONS = NO;
				ENABLE_STRICT_OBJC_MSGSEND = YES;
				GCC_C_LANGUAGE_STANDARD = gnu11;
				GCC_NO_COMMON_BLOCKS = YES;
				GCC_WARN_64_TO_32_BIT_CONVERSION = YES;
				GCC_WARN_ABOUT_RETURN_TYPE = YES_ERROR;
				GCC_WARN_UNDECLARED_SELECTOR = YES;
				GCC_WARN_UNINITIALIZED_AUTOS = YES_AGGRESSIVE;
				GCC_WARN_UNUSED_FUNCTION = YES;
				GCC_WARN_UNUSED_VARIABLE = YES;
				IPHONEOS_DEPLOYMENT_TARGET = 11.4;
				MTL_ENABLE_DEBUG_INFO = NO;
				SDKROOT = iphoneos;
				SWIFT_COMPILATION_MODE = wholemodule;
				SWIFT_OPTIMIZATION_LEVEL = "-O";
				VALIDATE_PRODUCT = YES;
			};
			name = Release;
		};
		AEC42FA52135C5E3007C8ACE /* Debug */ = {
			isa = XCBuildConfiguration;
			baseConfigurationReference = B4DF882E0EA36EED30088C5B /* Pods-Devslopes-Social.debug.xcconfig */;
			buildSettings = {
				ASSETCATALOG_COMPILER_APPICON_NAME = AppIcon;
				CODE_SIGN_STYLE = Automatic;
				DEVELOPMENT_TEAM = X3HSH3HTMU;
				INFOPLIST_FILE = "Devslopes-Social/Info.plist";
				LD_RUNPATH_SEARCH_PATHS = (
					"$(inherited)",
					"@executable_path/Frameworks",
				);
				PRODUCT_BUNDLE_IDENTIFIER = "com.arazsinjary.Devslopes-Social";
				PRODUCT_NAME = "$(TARGET_NAME)";
				SWIFT_VERSION = 4.0;
				TARGETED_DEVICE_FAMILY = "1,2";
			};
			name = Debug;
		};
		AEC42FA62135C5E3007C8ACE /* Release */ = {
			isa = XCBuildConfiguration;
			baseConfigurationReference = F6086E76BB63F591D830A624 /* Pods-Devslopes-Social.release.xcconfig */;
			buildSettings = {
				ASSETCATALOG_COMPILER_APPICON_NAME = AppIcon;
				CODE_SIGN_STYLE = Automatic;
				DEVELOPMENT_TEAM = X3HSH3HTMU;
				INFOPLIST_FILE = "Devslopes-Social/Info.plist";
				LD_RUNPATH_SEARCH_PATHS = (
					"$(inherited)",
					"@executable_path/Frameworks",
				);
				PRODUCT_BUNDLE_IDENTIFIER = "com.arazsinjary.Devslopes-Social";
				PRODUCT_NAME = "$(TARGET_NAME)";
				SWIFT_VERSION = 4.0;
				TARGETED_DEVICE_FAMILY = "1,2";
			};
			name = Release;
		};
/* End XCBuildConfiguration section */

/* Begin XCConfigurationList section */
		AEC42F8D2135C5E2007C8ACE /* Build configuration list for PBXProject "Devslopes-Social" */ = {
			isa = XCConfigurationList;
			buildConfigurations = (
				AEC42FA22135C5E3007C8ACE /* Debug */,
				AEC42FA32135C5E3007C8ACE /* Release */,
			);
			defaultConfigurationIsVisible = 0;
			defaultConfigurationName = Release;
		};
		AEC42FA42135C5E3007C8ACE /* Build configuration list for PBXNativeTarget "Devslopes-Social" */ = {
			isa = XCConfigurationList;
			buildConfigurations = (
				AEC42FA52135C5E3007C8ACE /* Debug */,
				AEC42FA62135C5E3007C8ACE /* Release */,
			);
			defaultConfigurationIsVisible = 0;
			defaultConfigurationName = Release;
		};
/* End XCConfigurationList section */
	};
	rootObject = AEC42F8A2135C5E2007C8ACE /* Project object */;
}
